
Microsoft Visual Studio Solution File, Format Version 12.00
# Visual Studio Version 16
VisualStudioVersion = 16.0.31025.194
MinimumVisualStudioVersion = 10.0.40219.1
Project("{FAE04EC0-301F-11D3-BF4B-00C04F79EFBC}") = "week-05", "week-05\week-05.csproj", "{339E64C7-6BD1-4A70-AEAE-23876B5A974F}"
EndProject
Global
	GlobalSection(SolutionConfigurationPlatforms) = preSolution
		Debug|Any CPU = Debug|Any CPU
		Release|Any CPU = Release|Any CPU
	EndGlobalSection
	GlobalSection(ProjectConfigurationPlatforms) = postSolution
		{339E64C7-6BD1-4A70-AEAE-23876B5A974F}.Debug|Any CPU.ActiveCfg = Debug|Any CPU
		{339E64C7-6BD1-4A70-AEAE-23876B5A974F}.Debug|Any CPU.Build.0 = Debug|Any CPU
		{339E64C7-6BD1-4A70-AEAE-23876B5A974F}.Release|Any CPU.ActiveCfg = Release|Any CPU
		{339E64C7-6BD1-4A70-AEAE-23876B5A974F}.Release|Any CPU.Build.0 = Release|Any CPU
	EndGlobalSection
	GlobalSection(SolutionProperties) = preSolution
		HideSolutionNode = FALSE
	EndGlobalSection
	GlobalSection(ExtensibilityGlobals) = postSolution
		SolutionGuid = {1F6B03FF-B2D1-4465-BE7B-6193B284872F}
	EndGlobalSection
EndGlobal
