
Microsoft Visual Studio Solution File, Format Version 12.00
# Visual Studio Version 16
VisualStudioVersion = 16.0.31025.194
MinimumVisualStudioVersion = 10.0.40219.1
Project("{FAE04EC0-301F-11D3-BF4B-00C04F79EFBC}") = "beranching", "beranching\beranching.csproj", "{71424D8A-6E11-46F2-A954-08BF102039A7}"
EndProject
Project("{FAE04EC0-301F-11D3-BF4B-00C04F79EFBC}") = "BankBnifit", "BankBnifit\BankBnifit.csproj", "{51D948EC-ADEF-4971-8AF7-88D223FA9077}"
EndProject
Global
	GlobalSection(SolutionConfigurationPlatforms) = preSolution
		Debug|Any CPU = Debug|Any CPU
		Release|Any CPU = Release|Any CPU
	EndGlobalSection
	GlobalSection(ProjectConfigurationPlatforms) = postSolution
		{71424D8A-6E11-46F2-A954-08BF102039A7}.Debug|Any CPU.ActiveCfg = Debug|Any CPU
		{71424D8A-6E11-46F2-A954-08BF102039A7}.Debug|Any CPU.Build.0 = Debug|Any CPU
		{71424D8A-6E11-46F2-A954-08BF102039A7}.Release|Any CPU.ActiveCfg = Release|Any CPU
		{71424D8A-6E11-46F2-A954-08BF102039A7}.Release|Any CPU.Build.0 = Release|Any CPU
		{51D948EC-ADEF-4971-8AF7-88D223FA9077}.Debug|Any CPU.ActiveCfg = Debug|Any CPU
		{51D948EC-ADEF-4971-8AF7-88D223FA9077}.Debug|Any CPU.Build.0 = Debug|Any CPU
		{51D948EC-ADEF-4971-8AF7-88D223FA9077}.Release|Any CPU.ActiveCfg = Release|Any CPU
		{51D948EC-ADEF-4971-8AF7-88D223FA9077}.Release|Any CPU.Build.0 = Release|Any CPU
	EndGlobalSection
	GlobalSection(SolutionProperties) = preSolution
		HideSolutionNode = FALSE
	EndGlobalSection
	GlobalSection(ExtensibilityGlobals) = postSolution
		SolutionGuid = {4DD119D6-6795-4FB4-8507-59164CBDA053}
	EndGlobalSection
EndGlobal
