
Microsoft Visual Studio Solution File, Format Version 12.00
# Visual Studio Version 16
VisualStudioVersion = 16.0.31025.194
MinimumVisualStudioVersion = 10.0.40219.1
Project("{FAE04EC0-301F-11D3-BF4B-00C04F79EFBC}") = "محیط", "محیط\محیط.csproj", "{AB42A576-A2B3-4233-9014-9CDC33C9FC05}"
EndProject
Global
	GlobalSection(SolutionConfigurationPlatforms) = preSolution
		Debug|Any CPU = Debug|Any CPU
		Release|Any CPU = Release|Any CPU
	EndGlobalSection
	GlobalSection(ProjectConfigurationPlatforms) = postSolution
		{AB42A576-A2B3-4233-9014-9CDC33C9FC05}.Debug|Any CPU.ActiveCfg = Debug|Any CPU
		{AB42A576-A2B3-4233-9014-9CDC33C9FC05}.Debug|Any CPU.Build.0 = Debug|Any CPU
		{AB42A576-A2B3-4233-9014-9CDC33C9FC05}.Release|Any CPU.ActiveCfg = Release|Any CPU
		{AB42A576-A2B3-4233-9014-9CDC33C9FC05}.Release|Any CPU.Build.0 = Release|Any CPU
	EndGlobalSection
	GlobalSection(SolutionProperties) = preSolution
		HideSolutionNode = FALSE
	EndGlobalSection
	GlobalSection(ExtensibilityGlobals) = postSolution
		SolutionGuid = {F96534F0-795D-449A-9A19-BAE908CD858F}
	EndGlobalSection
EndGlobal
